<?xml version="1.0" encoding="utf-8"?>
<Project ToolsVersion="4.0" xmlns="http://schemas.microsoft.com/developer/msbuild/2003">
  <ItemGroup>
    <Filter Include="Source Files">
      <UniqueIdentifier>{4FC737F1-C7A5-4376-A066-2A32D752A2FF}</UniqueIdentifier>
      <Extensions>cpp;c;cc;cxx;c++;cppm;ixx;def;odl;idl;hpj;bat;asm;asmx</Extensions>
    </Filter>
    <Filter Include="Header Files">
      <UniqueIdentifier>{93995380-89BD-4b04-88EB-625FBE52EBFB}</UniqueIdentifier>
      <Extensions>h;hh;hpp;hxx;h++;hm;inl;inc;ipp;xsd</Extensions>
    </Filter>
    <Filter Include="Resource Files">
      <UniqueIdentifier>{67DA6AB6-F800-4c08-8B7A-83BB121AAD01}</UniqueIdentifier>
      <Extensions>rc;ico;cur;bmp;dlg;rc2;rct;bin;rgs;gif;jpg;jpeg;jpe;resx;tiff;tif;png;wav;mfcribbon-ms</Extensions>
    </Filter>
    <Filter Include="Resource Files\Shaders">
      <UniqueIdentifier>{2d5ed118-9dd0-4236-ab6e-11e9d1aa4a83}</UniqueIdentifier>
    </Filter>
    <Filter Include="Source Files\Models">
      <UniqueIdentifier>{1c1d6d73-04e6-4d1f-a351-2292fa54c453}</UniqueIdentifier>
    </Filter>
    <Filter Include="Source Files\Lights">
      <UniqueIdentifier>{c4019bd9-a64c-4539-85eb-3ecb5a40ac2e}</UniqueIdentifier>
    </Filter>
    <Filter Include="Source Files\Controllers">
      <UniqueIdentifier>{33cb6ae4-3907-4653-bf25-badb4d7549d5}</UniqueIdentifier>
    </Filter>
    <Filter Include="Source Files\Cameras">
      <UniqueIdentifier>{bca596a8-85d3-48fa-b4c0-cdd448139665}</UniqueIdentifier>
    </Filter>
    <Filter Include="Source Files\Renderers">
      <UniqueIdentifier>{4b97c122-c6b7-4645-9027-7ce654b0823b}</UniqueIdentifier>
    </Filter>
    <Filter Include="Header Files\Lights">
      <UniqueIdentifier>{64e27560-a3d2-4921-b5ce-179fbac0f536}</UniqueIdentifier>
    </Filter>
    <Filter Include="Header Files\Controllers">
      <UniqueIdentifier>{0ae5ed6c-f8c5-4fb7-b470-d8ff70131fee}</UniqueIdentifier>
    </Filter>
    <Filter Include="Header Files\Renderers">
      <UniqueIdentifier>{4e484015-d1db-45cc-b6e8-9fd76e232a69}</UniqueIdentifier>
    </Filter>
    <Filter Include="Header Files\Models">
      <UniqueIdentifier>{bf4c0633-4c7d-4c69-a71d-85a6a9f83b71}</UniqueIdentifier>
    </Filter>
    <Filter Include="Header Files\Config">
      <UniqueIdentifier>{4a1b2bf0-f7b4-4c84-8f4b-2fe730d5a215}</UniqueIdentifier>
    </Filter>
    <Filter Include="Header Files\Enums">
      <UniqueIdentifier>{89f74a2f-871a-47bd-8870-637567503d39}</UniqueIdentifier>
    </Filter>
    <Filter Include="Header Files\Cameras">
      <UniqueIdentifier>{ae04c62c-6ddd-4945-99f5-92abb9b0a943}</UniqueIdentifier>
    </Filter>
  </ItemGroup>
  <ItemGroup>
    <ClCompile Include="glad.c">
      <Filter>Source Files</Filter>
    </ClCompile>
    <ClCompile Include="Main.cpp">
      <Filter>Source Files</Filter>
    </ClCompile>
    <ClCompile Include="Renderer\EBO.cpp">
      <Filter>Source Files\Renderers</Filter>
    </ClCompile>
    <ClCompile Include="Renderer\VAO.cpp">
      <Filter>Source Files\Renderers</Filter>
    </ClCompile>
    <ClCompile Include="Renderer\VBO.cpp">
      <Filter>Source Files\Renderers</Filter>
    </ClCompile>
    <ClCompile Include="Model\Camera.cpp">
      <Filter>Source Files\Cameras</Filter>
    </ClCompile>
    <ClCompile Include="Model\Camera\OrthoCamera.cpp">
      <Filter>Source Files\Cameras</Filter>
    </ClCompile>
    <ClCompile Include="Model\Camera\PerspectiveCamera.cpp">
      <Filter>Source Files\Cameras</Filter>
    </ClCompile>
    <ClCompile Include="Model\Light.cpp">
      <Filter>Source Files\Lights</Filter>
    </ClCompile>
    <ClCompile Include="Controller\Game.cpp">
      <Filter>Source Files\Controllers</Filter>
    </ClCompile>
    <ClCompile Include="Controller\Manager\TextureManager.cpp">
      <Filter>Source Files\Controllers</Filter>
    </ClCompile>
    <ClCompile Include="Model\Light\PointLight.cpp">
      <Filter>Source Files\Lights</Filter>
    </ClCompile>
    <ClCompile Include="Model\Light\SpotLight.cpp">
      <Filter>Source Files\Lights</Filter>
    </ClCompile>
    <ClCompile Include="Controller\Manager\MeshManager.cpp">
      <Filter>Source Files\Controllers</Filter>
    </ClCompile>
    <ClCompile Include="Model\Light\DirLight.cpp">
      <Filter>Source Files\Lights</Filter>
    </ClCompile>
    <ClCompile Include="Renderer\VFShaders.cpp">
      <Filter>Source Files\Renderers</Filter>
    </ClCompile>
    <ClCompile Include="Model\Model3D.cpp">
      <Filter>Source Files\Models</Filter>
    </ClCompile>
    <ClCompile Include="Model\Skybox.cpp">
      <Filter>Source Files\Models</Filter>
    </ClCompile>
    <ClCompile Include="Model\Player.cpp">
      <Filter>Source Files\Models</Filter>
    </ClCompile>
  </ItemGroup>
  <ItemGroup>
    <ClInclude Include="stb_image.h">
      <Filter>Header Files</Filter>
    </ClInclude>
    <ClInclude Include="tiny_obj_loader.h">
      <Filter>Header Files</Filter>
    </ClInclude>
    <ClInclude Include="resource.h">
      <Filter>Header Files</Filter>
    </ClInclude>
    <ClInclude Include="Renderer\EBO.hpp">
      <Filter>Header Files\Renderers</Filter>
    </ClInclude>
    <ClInclude Include="Renderer\VAO.hpp">
      <Filter>Header Files\Renderers</Filter>
    </ClInclude>
    <ClInclude Include="Renderer\VBO.hpp">
      <Filter>Header Files\Renderers</Filter>
    </ClInclude>
    <ClInclude Include="Model\Camera\OrthoCamera.hpp">
      <Filter>Header Files\Cameras</Filter>
    </ClInclude>
    <ClInclude Include="Model\Camera\PerspectiveCamera.hpp">
      <Filter>Header Files\Cameras</Filter>
    </ClInclude>
    <ClInclude Include="Model\Light.hpp">
      <Filter>Header Files\Lights</Filter>
    </ClInclude>
    <ClInclude Include="Controller\Game.hpp">
      <Filter>Header Files\Controllers</Filter>
    </ClInclude>
    <ClInclude Include="Controller\Manager\TextureManager.hpp">
      <Filter>Header Files\Controllers</Filter>
    </ClInclude>
    <ClInclude Include="Model\Light\PointLight.hpp">
      <Filter>Header Files\Lights</Filter>
    </ClInclude>
    <ClInclude Include="Model\Light\SpotLight.hpp">
      <Filter>Header Files\Lights</Filter>
    </ClInclude>
    <ClInclude Include="Controller\Manager\MeshManager.hpp">
      <Filter>Header Files\Controllers</Filter>
    </ClInclude>
    <ClInclude Include="Model\Light\DirLight.hpp">
      <Filter>Header Files\Lights</Filter>
    </ClInclude>
    <ClInclude Include="Renderer\VFShaders.hpp">
      <Filter>Header Files\Renderers</Filter>
    </ClInclude>
    <ClInclude Include="Model\Model3D.hpp">
      <Filter>Header Files\Models</Filter>
    </ClInclude>
    <ClInclude Include="Model\Skybox.hpp">
      <Filter>Header Files\Models</Filter>
    </ClInclude>
    <ClInclude Include="Config\Settings.hpp">
      <Filter>Header Files\Config</Filter>
    </ClInclude>
    <ClInclude Include="Model\Enum\MeshType.hpp">
      <Filter>Header Files\Enums</Filter>
    </ClInclude>
    <ClInclude Include="Model\Enum\NormType.hpp">
      <Filter>Header Files\Enums</Filter>
    </ClInclude>
    <ClInclude Include="Model\Enum\TexType.hpp">
      <Filter>Header Files\Enums</Filter>
    </ClInclude>
    <ClInclude Include="Model\Camera.hpp">
      <Filter>Header Files\Cameras</Filter>
    </ClInclude>
    <ClInclude Include="Model\Player.hpp">
      <Filter>Header Files\Models</Filter>
    </ClInclude>
  </ItemGroup>
  <ItemGroup>
    <CopyFileToFolders Include="Shaders\Skybox.frag">
      <Filter>Resource Files\Shaders</Filter>
    </CopyFileToFolders>
    <CopyFileToFolders Include="Shaders\Skybox.vert">
      <Filter>Resource Files\Shaders</Filter>
    </CopyFileToFolders>
  </ItemGroup>
  <ItemGroup>
    <None Include="Shaders\Default.frag">
      <Filter>Resource Files\Shaders</Filter>
    </None>
    <None Include="Shaders\Default.vert">
      <Filter>Resource Files\Shaders</Filter>
    </None>
  </ItemGroup>
  <ItemGroup>
    <ResourceCompile Include="GDGRAP1-MP.rc">
      <Filter>Resource Files</Filter>
    </ResourceCompile>
  </ItemGroup>
</Project>